
Microsoft Visual Studio Solution File, Format Version 12.00
# Visual Studio Version 17
VisualStudioVersion = 17.8.34322.80
MinimumVisualStudioVersion = 10.0.40219.1
Project("{9A19103F-16F7-4668-BE54-9A1E7A4F7556}") = "FileSorter.Console", "src\FileSorter.Console\FileSorter.Console.csproj", "{ED1FF041-F54D-4ED8-A6C4-721F6F76E424}"
EndProject
Project("{FAE04EC0-301F-11D3-BF4B-00C04F79EFBC}") = "FileSorter.Business", "src\FileSorter.Business\FileSorter.Business.csproj", "{BB84C042-6C50-4C52-8552-85214B37B375}"
EndProject
Global
	GlobalSection(SolutionConfigurationPlatforms) = preSolution
		Debug|Any CPU = Debug|Any CPU
		Release|Any CPU = Release|Any CPU
	EndGlobalSection
	GlobalSection(ProjectConfigurationPlatforms) = postSolution
		{ED1FF041-F54D-4ED8-A6C4-721F6F76E424}.Debug|Any CPU.ActiveCfg = Debug|Any CPU
		{ED1FF041-F54D-4ED8-A6C4-721F6F76E424}.Debug|Any CPU.Build.0 = Debug|Any CPU
		{ED1FF041-F54D-4ED8-A6C4-721F6F76E424}.Release|Any CPU.ActiveCfg = Release|Any CPU
		{ED1FF041-F54D-4ED8-A6C4-721F6F76E424}.Release|Any CPU.Build.0 = Release|Any CPU
		{BB84C042-6C50-4C52-8552-85214B37B375}.Debug|Any CPU.ActiveCfg = Debug|Any CPU
		{BB84C042-6C50-4C52-8552-85214B37B375}.Debug|Any CPU.Build.0 = Debug|Any CPU
		{BB84C042-6C50-4C52-8552-85214B37B375}.Release|Any CPU.ActiveCfg = Release|Any CPU
		{BB84C042-6C50-4C52-8552-85214B37B375}.Release|Any CPU.Build.0 = Release|Any CPU
	EndGlobalSection
	GlobalSection(SolutionProperties) = preSolution
		HideSolutionNode = FALSE
	EndGlobalSection
	GlobalSection(ExtensibilityGlobals) = postSolution
		SolutionGuid = {A7573C34-0251-454B-9024-85EAAB48BDEF}
	EndGlobalSection
EndGlobal
